
Microsoft Visual Studio Solution File, Format Version 12.00
# Visual Studio 15
VisualStudioVersion = 15.0.27428.2011
MinimumVisualStudioVersion = 10.0.40219.1
Project("{A07B5EB6-E848-4116-A8D0-A826331D98C6}") = "NewsfeedBackend", "NewsfeedBackend\NewsfeedBackend.sfproj", "{87B26742-6C0B-4069-8EA5-AACD80FEBA49}"
EndProject
Project("{FAE04EC0-301F-11D3-BF4B-00C04F79EFBC}") = "NewsfeedAPIService", "NewsfeedAPIService\NewsfeedAPIService.csproj", "{C9D147CE-0DA5-4216-B068-EA95EDCF27F5}"
EndProject
Global
	GlobalSection(SolutionConfigurationPlatforms) = preSolution
		Debug|Any CPU = Debug|Any CPU
		Debug|x64 = Debug|x64
		Release|Any CPU = Release|Any CPU
		Release|x64 = Release|x64
	EndGlobalSection
	GlobalSection(ProjectConfigurationPlatforms) = postSolution
		{87B26742-6C0B-4069-8EA5-AACD80FEBA49}.Debug|Any CPU.ActiveCfg = Debug|x64
		{87B26742-6C0B-4069-8EA5-AACD80FEBA49}.Debug|x64.ActiveCfg = Debug|x64
		{87B26742-6C0B-4069-8EA5-AACD80FEBA49}.Debug|x64.Build.0 = Debug|x64
		{87B26742-6C0B-4069-8EA5-AACD80FEBA49}.Debug|x64.Deploy.0 = Debug|x64
		{87B26742-6C0B-4069-8EA5-AACD80FEBA49}.Release|Any CPU.ActiveCfg = Release|x64
		{87B26742-6C0B-4069-8EA5-AACD80FEBA49}.Release|x64.ActiveCfg = Release|x64
		{87B26742-6C0B-4069-8EA5-AACD80FEBA49}.Release|x64.Build.0 = Release|x64
		{87B26742-6C0B-4069-8EA5-AACD80FEBA49}.Release|x64.Deploy.0 = Release|x64
		{C9D147CE-0DA5-4216-B068-EA95EDCF27F5}.Debug|Any CPU.ActiveCfg = Debug|Any CPU
		{C9D147CE-0DA5-4216-B068-EA95EDCF27F5}.Debug|Any CPU.Build.0 = Debug|Any CPU
		{C9D147CE-0DA5-4216-B068-EA95EDCF27F5}.Debug|x64.ActiveCfg = Debug|Any CPU
		{C9D147CE-0DA5-4216-B068-EA95EDCF27F5}.Debug|x64.Build.0 = Debug|Any CPU
		{C9D147CE-0DA5-4216-B068-EA95EDCF27F5}.Release|Any CPU.ActiveCfg = Release|Any CPU
		{C9D147CE-0DA5-4216-B068-EA95EDCF27F5}.Release|Any CPU.Build.0 = Release|Any CPU
		{C9D147CE-0DA5-4216-B068-EA95EDCF27F5}.Release|x64.ActiveCfg = Release|Any CPU
		{C9D147CE-0DA5-4216-B068-EA95EDCF27F5}.Release|x64.Build.0 = Release|Any CPU
	EndGlobalSection
	GlobalSection(SolutionProperties) = preSolution
		HideSolutionNode = FALSE
	EndGlobalSection
	GlobalSection(ExtensibilityGlobals) = postSolution
		SolutionGuid = {31C5D78A-DC74-444C-A715-2E921470D7B3}
	EndGlobalSection
EndGlobal
